
Microsoft Visual Studio Solution File, Format Version 12.00
# Visual Studio Version 16
VisualStudioVersion = 16.0.29613.14
MinimumVisualStudioVersion = 10.0.40219.1
Project("{FAE04EC0-301F-11D3-BF4B-00C04F79EFBC}") = "MoviesWebApi", "MoviesWebApi\MoviesWebApi.csproj", "{EBEDE00E-AC8D-4635-B280-D0C82275789A}"
EndProject
Project("{FAE04EC0-301F-11D3-BF4B-00C04F79EFBC}") = "Movies.Application.ViewModels", "Movies.Application.ViewModels\Movies.Application.ViewModels.csproj", "{D9A638D5-0AFA-4603-8816-48733EB0021E}"
EndProject
Project("{FAE04EC0-301F-11D3-BF4B-00C04F79EFBC}") = "Movies.Infrastructure", "Movies.Infrastructure\Movies.Infrastructure.csproj", "{B1F0A982-6C48-4113-AD2A-859E80481888}"
EndProject
Global
	GlobalSection(SolutionConfigurationPlatforms) = preSolution
		Debug|Any CPU = Debug|Any CPU
		Release|Any CPU = Release|Any CPU
	EndGlobalSection
	GlobalSection(ProjectConfigurationPlatforms) = postSolution
		{EBEDE00E-AC8D-4635-B280-D0C82275789A}.Debug|Any CPU.ActiveCfg = Debug|Any CPU
		{EBEDE00E-AC8D-4635-B280-D0C82275789A}.Debug|Any CPU.Build.0 = Debug|Any CPU
		{EBEDE00E-AC8D-4635-B280-D0C82275789A}.Release|Any CPU.ActiveCfg = Release|Any CPU
		{EBEDE00E-AC8D-4635-B280-D0C82275789A}.Release|Any CPU.Build.0 = Release|Any CPU
		{D9A638D5-0AFA-4603-8816-48733EB0021E}.Debug|Any CPU.ActiveCfg = Debug|Any CPU
		{D9A638D5-0AFA-4603-8816-48733EB0021E}.Debug|Any CPU.Build.0 = Debug|Any CPU
		{D9A638D5-0AFA-4603-8816-48733EB0021E}.Release|Any CPU.ActiveCfg = Release|Any CPU
		{D9A638D5-0AFA-4603-8816-48733EB0021E}.Release|Any CPU.Build.0 = Release|Any CPU
		{B1F0A982-6C48-4113-AD2A-859E80481888}.Debug|Any CPU.ActiveCfg = Debug|Any CPU
		{B1F0A982-6C48-4113-AD2A-859E80481888}.Debug|Any CPU.Build.0 = Debug|Any CPU
		{B1F0A982-6C48-4113-AD2A-859E80481888}.Release|Any CPU.ActiveCfg = Release|Any CPU
		{B1F0A982-6C48-4113-AD2A-859E80481888}.Release|Any CPU.Build.0 = Release|Any CPU
	EndGlobalSection
	GlobalSection(SolutionProperties) = preSolution
		HideSolutionNode = FALSE
	EndGlobalSection
	GlobalSection(ExtensibilityGlobals) = postSolution
		SolutionGuid = {1297E319-46D5-4EBF-B3AA-BCCC63A1DE13}
	EndGlobalSection
EndGlobal
